{
  "name": "shadowtester",
  "version": "1.0.0",
  "lockfileVersion": 1,
  "requires": true,
  "dependencies": {
    "shadowpractice": {
      "version": "1.0.0",
      "resolved": "https://registry.npmjs.org/shadowpractice/-/shadowpractice-1.0.0.tgz",
      "integrity": "sha512-uKkc0R1zFVbwa0mF2kkCCU82CL+W/U/tpRYreT2vHMKrxQBEyLYqiCwLO5ATLlgq3pqXRq11/rVgYyk5hxRhaA=="
    }
  }
}
